
Microsoft Visual Studio Solution File, Format Version 12.00
# Visual Studio 15
VisualStudioVersion = 15.0.27428.2037
MinimumVisualStudioVersion = 10.0.40219.1
Project("{FAE04EC0-301F-11D3-BF4B-00C04F79EFBC}") = "AdventureWorks", "AdventureWorks\AdventureWorks.csproj", "{F5A14492-CBFC-4F76-A337-E859401AD347}"
EndProject
Project("{FAE04EC0-301F-11D3-BF4B-00C04F79EFBC}") = "AdventureWorks.Tests", "AdventureWorks.Tests\AdventureWorks.Tests.csproj", "{4C98C73C-1037-45ED-8602-1E14CA7DAE0B}"
EndProject
Global
	GlobalSection(SolutionConfigurationPlatforms) = preSolution
		Debug|Any CPU = Debug|Any CPU
		Release|Any CPU = Release|Any CPU
	EndGlobalSection
	GlobalSection(ProjectConfigurationPlatforms) = postSolution
		{F5A14492-CBFC-4F76-A337-E859401AD347}.Debug|Any CPU.ActiveCfg = Debug|Any CPU
		{F5A14492-CBFC-4F76-A337-E859401AD347}.Debug|Any CPU.Build.0 = Debug|Any CPU
		{F5A14492-CBFC-4F76-A337-E859401AD347}.Release|Any CPU.ActiveCfg = Release|Any CPU
		{F5A14492-CBFC-4F76-A337-E859401AD347}.Release|Any CPU.Build.0 = Release|Any CPU
		{4C98C73C-1037-45ED-8602-1E14CA7DAE0B}.Debug|Any CPU.ActiveCfg = Debug|Any CPU
		{4C98C73C-1037-45ED-8602-1E14CA7DAE0B}.Debug|Any CPU.Build.0 = Debug|Any CPU
		{4C98C73C-1037-45ED-8602-1E14CA7DAE0B}.Release|Any CPU.ActiveCfg = Release|Any CPU
		{4C98C73C-1037-45ED-8602-1E14CA7DAE0B}.Release|Any CPU.Build.0 = Release|Any CPU
	EndGlobalSection
	GlobalSection(SolutionProperties) = preSolution
		HideSolutionNode = FALSE
	EndGlobalSection
	GlobalSection(ExtensibilityGlobals) = postSolution
		SolutionGuid = {016D69FF-9F97-460A-AE40-1A2E19D51DE9}
	EndGlobalSection
EndGlobal
